
Microsoft Visual Studio Solution File, Format Version 11.00
# Visual Studio 2010
Project("{FAE04EC0-301F-11D3-BF4B-00C04F79EFBC}") = "LikeSearch", "LikeSearch.csproj", "{3171B51B-E3A4-417B-8087-C93D64E21298}"
EndProject
Project("{FAE04EC0-301F-11D3-BF4B-00C04F79EFBC}") = "LikeSearch.Test", "..\LikeSearch.Test\LikeSearch.Test.csproj", "{2CBD4119-994B-4482-B701-46DE5E605E72}"
EndProject
Global
	GlobalSection(SolutionConfigurationPlatforms) = preSolution
		Debug|Any CPU = Debug|Any CPU
		Release|Any CPU = Release|Any CPU
	EndGlobalSection
	GlobalSection(ProjectConfigurationPlatforms) = postSolution
		{3171B51B-E3A4-417B-8087-C93D64E21298}.Debug|Any CPU.ActiveCfg = Debug|Any CPU
		{3171B51B-E3A4-417B-8087-C93D64E21298}.Debug|Any CPU.Build.0 = Debug|Any CPU
		{3171B51B-E3A4-417B-8087-C93D64E21298}.Release|Any CPU.ActiveCfg = Release|Any CPU
		{3171B51B-E3A4-417B-8087-C93D64E21298}.Release|Any CPU.Build.0 = Release|Any CPU
		{2CBD4119-994B-4482-B701-46DE5E605E72}.Debug|Any CPU.ActiveCfg = Debug|Any CPU
		{2CBD4119-994B-4482-B701-46DE5E605E72}.Debug|Any CPU.Build.0 = Debug|Any CPU
		{2CBD4119-994B-4482-B701-46DE5E605E72}.Release|Any CPU.ActiveCfg = Release|Any CPU
		{2CBD4119-994B-4482-B701-46DE5E605E72}.Release|Any CPU.Build.0 = Release|Any CPU
	EndGlobalSection
	GlobalSection(SolutionProperties) = preSolution
		HideSolutionNode = FALSE
	EndGlobalSection
EndGlobal
